
Microsoft Visual Studio Solution File, Format Version 12.00
# Visual Studio Version 17
VisualStudioVersion = 17.0.31903.59
MinimumVisualStudioVersion = 10.0.40219.1
Project("{FAE04EC0-301F-11D3-BF4B-00C04F79EFBC}") = "Threads.ResponsiveUi", "Threads.ResponsiveUi\Threads.ResponsiveUi.csproj", "{989F52D8-C315-4BA2-AF21-B0A601F15F5D}"
EndProject
Project("{FAE04EC0-301F-11D3-BF4B-00C04F79EFBC}") = "Threads.CreatingThreads", "Threads.CreatingThreads\Threads.CreatingThreads.csproj", "{2F65FB24-90C7-4A91-AA5B-807B9139BF2C}"
EndProject
Project("{FAE04EC0-301F-11D3-BF4B-00C04F79EFBC}") = "Threads.UsingPools", "Threads.UsingPools\Threads.UsingPools.csproj", "{7D89A88C-67B4-469F-BB59-E503CA3F0493}"
EndProject
Global
	GlobalSection(SolutionConfigurationPlatforms) = preSolution
		Debug|Any CPU = Debug|Any CPU
		Release|Any CPU = Release|Any CPU
	EndGlobalSection
	GlobalSection(SolutionProperties) = preSolution
		HideSolutionNode = FALSE
	EndGlobalSection
	GlobalSection(ProjectConfigurationPlatforms) = postSolution
		{989F52D8-C315-4BA2-AF21-B0A601F15F5D}.Debug|Any CPU.ActiveCfg = Debug|Any CPU
		{989F52D8-C315-4BA2-AF21-B0A601F15F5D}.Debug|Any CPU.Build.0 = Debug|Any CPU
		{989F52D8-C315-4BA2-AF21-B0A601F15F5D}.Release|Any CPU.ActiveCfg = Release|Any CPU
		{989F52D8-C315-4BA2-AF21-B0A601F15F5D}.Release|Any CPU.Build.0 = Release|Any CPU
		{2F65FB24-90C7-4A91-AA5B-807B9139BF2C}.Debug|Any CPU.ActiveCfg = Debug|Any CPU
		{2F65FB24-90C7-4A91-AA5B-807B9139BF2C}.Debug|Any CPU.Build.0 = Debug|Any CPU
		{2F65FB24-90C7-4A91-AA5B-807B9139BF2C}.Release|Any CPU.ActiveCfg = Release|Any CPU
		{2F65FB24-90C7-4A91-AA5B-807B9139BF2C}.Release|Any CPU.Build.0 = Release|Any CPU
		{7D89A88C-67B4-469F-BB59-E503CA3F0493}.Debug|Any CPU.ActiveCfg = Debug|Any CPU
		{7D89A88C-67B4-469F-BB59-E503CA3F0493}.Debug|Any CPU.Build.0 = Debug|Any CPU
		{7D89A88C-67B4-469F-BB59-E503CA3F0493}.Release|Any CPU.ActiveCfg = Release|Any CPU
		{7D89A88C-67B4-469F-BB59-E503CA3F0493}.Release|Any CPU.Build.0 = Release|Any CPU
	EndGlobalSection
EndGlobal
